// !$*UTF8*$!
{
	archiveVersion = 1;
	classes = {
	};
	objectVersion = 56;
	objects = {

/* Begin PBXBuildFile section */
		A9182D942C2781C600CBA055 /* NutritionApp.swift in Sources */ = {isa = PBXBuildFile; fileRef = A9182D932C2781C600CBA055 /* NutritionApp.swift */; };
		A9182D962C2781C600CBA055 /* YoMama.swift in Sources */ = {isa = PBXBuildFile; fileRef = A9182D952C2781C600CBA055 /* YoMama.swift */; };
		A9182D982C2781C900CBA055 /* Assets.xcassets in Resources */ = {isa = PBXBuildFile; fileRef = A9182D972C2781C900CBA055 /* Assets.xcassets */; };
		A9182D9B2C2781C900CBA055 /* Preview Assets.xcassets in Resources */ = {isa = PBXBuildFile; fileRef = A9182D9A2C2781C900CBA055 /* Preview Assets.xcassets */; };
		A91B53CB2C42486400582D3C /* TitlesView.swift in Sources */ = {isa = PBXBuildFile; fileRef = A91B53CA2C42486400582D3C /* TitlesView.swift */; };
		A924BD362C3B8F33000E5391 /* ImagePicker.swift in Sources */ = {isa = PBXBuildFile; fileRef = A924BD352C3B8F33000E5391 /* ImagePicker.swift */; };
		A926A2A82C4B68290083BE77 /* NavPicker.swift in Sources */ = {isa = PBXBuildFile; fileRef = A926A2A72C4B68290083BE77 /* NavPicker.swift */; };
		A9314B7C2C39160A0021E7B8 /* BackgroundView.swift in Sources */ = {isa = PBXBuildFile; fileRef = A9314B7B2C39160A0021E7B8 /* BackgroundView.swift */; };
		A9314B7E2C3920F60021E7B8 /* FoodDetailView.swift in Sources */ = {isa = PBXBuildFile; fileRef = A9314B7D2C3920F60021E7B8 /* FoodDetailView.swift */; };
		A933F0E42C4DBF6700E1C55E /* CurrentPageView.swift in Sources */ = {isa = PBXBuildFile; fileRef = A933F0E32C4DBF6700E1C55E /* CurrentPageView.swift */; };
		A933F0E82C4DD18F00E1C55E /* ImageView.swift in Sources */ = {isa = PBXBuildFile; fileRef = A933F0E72C4DD18F00E1C55E /* ImageView.swift */; };
		A933F0EC2C50651E00E1C55E /* SettingsView.swift in Sources */ = {isa = PBXBuildFile; fileRef = A933F0EB2C50651E00E1C55E /* SettingsView.swift */; };
		A934479D2C41FC490018BF16 /* Errors.swift in Sources */ = {isa = PBXBuildFile; fileRef = A934479C2C41FC490018BF16 /* Errors.swift */; };
		A939B26E2C5365EC00066D0B /* InformationView.swift in Sources */ = {isa = PBXBuildFile; fileRef = A939B26D2C5365EC00066D0B /* InformationView.swift */; };
		A967E8732C3E4ADB0072B10D /* SignupView.swift in Sources */ = {isa = PBXBuildFile; fileRef = A967E8722C3E4ADB0072B10D /* SignupView.swift */; };
		A9885C012C3A1E3200090E13 /* FoodTitleView.swift in Sources */ = {isa = PBXBuildFile; fileRef = A9885C002C3A1E3200090E13 /* FoodTitleView.swift */; };
		A9A525432C390BD700C8EA79 /* RecentlyViewed.swift in Sources */ = {isa = PBXBuildFile; fileRef = A9A525422C390BD700C8EA79 /* RecentlyViewed.swift */; };
		A9A525452C390DA700C8EA79 /* Food.swift in Sources */ = {isa = PBXBuildFile; fileRef = A9A525442C390DA700C8EA79 /* Food.swift */; };
		A9A525472C390E4F00C8EA79 /* DummyData.swift in Sources */ = {isa = PBXBuildFile; fileRef = A9A525462C390E4F00C8EA79 /* DummyData.swift */; };
		A9A525492C390E7B00C8EA79 /* JsonParser.swift in Sources */ = {isa = PBXBuildFile; fileRef = A9A525482C390E7B00C8EA79 /* JsonParser.swift */; };
/* End PBXBuildFile section */

/* Begin PBXFileReference section */
		A9182D902C2781C600CBA055 /* test3.app */ = {isa = PBXFileReference; explicitFileType = wrapper.application; includeInIndex = 0; path = test3.app; sourceTree = BUILT_PRODUCTS_DIR; };
		A9182D932C2781C600CBA055 /* NutritionApp.swift */ = {isa = PBXFileReference; lastKnownFileType = sourcecode.swift; path = NutritionApp.swift; sourceTree = "<group>"; };
		A9182D952C2781C600CBA055 /* YoMama.swift */ = {isa = PBXFileReference; lastKnownFileType = sourcecode.swift; path = YoMama.swift; sourceTree = "<group>"; };
		A9182D972C2781C900CBA055 /* Assets.xcassets */ = {isa = PBXFileReference; lastKnownFileType = folder.assetcatalog; path = Assets.xcassets; sourceTree = "<group>"; };
		A9182D9A2C2781C900CBA055 /* Preview Assets.xcassets */ = {isa = PBXFileReference; lastKnownFileType = folder.assetcatalog; path = "Preview Assets.xcassets"; sourceTree = "<group>"; };
		A91B53CA2C42486400582D3C /* TitlesView.swift */ = {isa = PBXFileReference; lastKnownFileType = sourcecode.swift; path = TitlesView.swift; sourceTree = "<group>"; };
		A924BD352C3B8F33000E5391 /* ImagePicker.swift */ = {isa = PBXFileReference; fileEncoding = 4; lastKnownFileType = sourcecode.swift; path = ImagePicker.swift; sourceTree = "<group>"; };
		A926A2A72C4B68290083BE77 /* NavPicker.swift */ = {isa = PBXFileReference; lastKnownFileType = sourcecode.swift; path = NavPicker.swift; sourceTree = "<group>"; };
		A9314B7B2C39160A0021E7B8 /* BackgroundView.swift */ = {isa = PBXFileReference; lastKnownFileType = sourcecode.swift; path = BackgroundView.swift; sourceTree = "<group>"; };
		A9314B7D2C3920F60021E7B8 /* FoodDetailView.swift */ = {isa = PBXFileReference; lastKnownFileType = sourcecode.swift; path = FoodDetailView.swift; sourceTree = "<group>"; };
		A933F0E32C4DBF6700E1C55E /* CurrentPageView.swift */ = {isa = PBXFileReference; lastKnownFileType = sourcecode.swift; path = CurrentPageView.swift; sourceTree = "<group>"; };
		A933F0E72C4DD18F00E1C55E /* ImageView.swift */ = {isa = PBXFileReference; lastKnownFileType = sourcecode.swift; path = ImageView.swift; sourceTree = "<group>"; };
		A933F0EB2C50651E00E1C55E /* SettingsView.swift */ = {isa = PBXFileReference; lastKnownFileType = sourcecode.swift; path = SettingsView.swift; sourceTree = "<group>"; };
		A934479C2C41FC490018BF16 /* Errors.swift */ = {isa = PBXFileReference; lastKnownFileType = sourcecode.swift; path = Errors.swift; sourceTree = "<group>"; };
		A939B26D2C5365EC00066D0B /* InformationView.swift */ = {isa = PBXFileReference; lastKnownFileType = sourcecode.swift; path = InformationView.swift; sourceTree = "<group>"; };
		A967E8722C3E4ADB0072B10D /* SignupView.swift */ = {isa = PBXFileReference; lastKnownFileType = sourcecode.swift; path = SignupView.swift; sourceTree = "<group>"; };
		A9885C002C3A1E3200090E13 /* FoodTitleView.swift */ = {isa = PBXFileReference; lastKnownFileType = sourcecode.swift; path = FoodTitleView.swift; sourceTree = "<group>"; };
		A9A525422C390BD700C8EA79 /* RecentlyViewed.swift */ = {isa = PBXFileReference; lastKnownFileType = sourcecode.swift; path = RecentlyViewed.swift; sourceTree = "<group>"; };
		A9A525442C390DA700C8EA79 /* Food.swift */ = {isa = PBXFileReference; lastKnownFileType = sourcecode.swift; path = Food.swift; sourceTree = "<group>"; };
		A9A525462C390E4F00C8EA79 /* DummyData.swift */ = {isa = PBXFileReference; lastKnownFileType = sourcecode.swift; path = DummyData.swift; sourceTree = "<group>"; };
		A9A525482C390E7B00C8EA79 /* JsonParser.swift */ = {isa = PBXFileReference; lastKnownFileType = sourcecode.swift; path = JsonParser.swift; sourceTree = "<group>"; };
/* End PBXFileReference section */

/* Begin PBXFrameworksBuildPhase section */
		A9182D8D2C2781C600CBA055 /* Frameworks */ = {
			isa = PBXFrameworksBuildPhase;
			buildActionMask = 2147483647;
			files = (
			);
			runOnlyForDeploymentPostprocessing = 0;
		};
/* End PBXFrameworksBuildPhase section */

/* Begin PBXGroup section */
		A9182D872C2781C600CBA055 = {
			isa = PBXGroup;
			children = (
				A9182D922C2781C600CBA055 /* test3 */,
				A9182D912C2781C600CBA055 /* Products */,
			);
			sourceTree = "<group>";
		};
		A9182D912C2781C600CBA055 /* Products */ = {
			isa = PBXGroup;
			children = (
				A9182D902C2781C600CBA055 /* test3.app */,
			);
			name = Products;
			sourceTree = "<group>";
		};
		A9182D922C2781C600CBA055 /* test3 */ = {
			isa = PBXGroup;
			children = (
				A9182D932C2781C600CBA055 /* NutritionApp.swift */,
				A9182D952C2781C600CBA055 /* YoMama.swift */,
				A9885BFE2C39F90600090E13 /* Models */,
				A9885BFF2C39F92B00090E13 /* Views */,
				A967E86F2C3E4A870072B10D /* Controllers */,
				A9182D972C2781C900CBA055 /* Assets.xcassets */,
				A933F0E62C4DBFF800E1C55E /* Experimental */,
				A9182D992C2781C900CBA055 /* Preview Content */,
			);
			path = test3;
			sourceTree = "<group>";
		};
		A9182D992C2781C900CBA055 /* Preview Content */ = {
			isa = PBXGroup;
			children = (
				A9182D9A2C2781C900CBA055 /* Preview Assets.xcassets */,
			);
			path = "Preview Content";
			sourceTree = "<group>";
		};
		A933F0E52C4DBFBE00E1C55E /* Backgrounds */ = {
			isa = PBXGroup;
			children = (
				A9314B7B2C39160A0021E7B8 /* BackgroundView.swift */,
			);
			path = Backgrounds;
			sourceTree = "<group>";
		};
		A933F0E62C4DBFF800E1C55E /* Experimental */ = {
			isa = PBXGroup;
			children = (
				A967E8722C3E4ADB0072B10D /* SignupView.swift */,
				A9314B7D2C3920F60021E7B8 /* FoodDetailView.swift */,
				A9885C002C3A1E3200090E13 /* FoodTitleView.swift */,
			);
			path = Experimental;
			sourceTree = "<group>";
		};
		A967E86F2C3E4A870072B10D /* Controllers */ = {
			isa = PBXGroup;
			children = (
				A926A2A72C4B68290083BE77 /* NavPicker.swift */,
				A924BD352C3B8F33000E5391 /* ImagePicker.swift */,
			);
			path = Controllers;
			sourceTree = "<group>";
		};
		A9885BFE2C39F90600090E13 /* Models */ = {
			isa = PBXGroup;
			children = (
				A9A525462C390E4F00C8EA79 /* DummyData.swift */,
				A933F0E32C4DBF6700E1C55E /* CurrentPageView.swift */,
				A9A525482C390E7B00C8EA79 /* JsonParser.swift */,
				A9A525442C390DA700C8EA79 /* Food.swift */,
			);
			path = Models;
			sourceTree = "<group>";
		};
		A9885BFF2C39F92B00090E13 /* Views */ = {
			isa = PBXGroup;
			children = (
				A933F0E52C4DBFBE00E1C55E /* Backgrounds */,
				A91B53CA2C42486400582D3C /* TitlesView.swift */,
				A9A525422C390BD700C8EA79 /* RecentlyViewed.swift */,
				A933F0EB2C50651E00E1C55E /* SettingsView.swift */,
				A933F0E72C4DD18F00E1C55E /* ImageView.swift */,
				A934479C2C41FC490018BF16 /* Errors.swift */,
				A939B26D2C5365EC00066D0B /* InformationView.swift */,
			);
			path = Views;
			sourceTree = "<group>";
		};
/* End PBXGroup section */

/* Begin PBXNativeTarget section */
		A9182D8F2C2781C600CBA055 /* test3 */ = {
			isa = PBXNativeTarget;
			buildConfigurationList = A9182D9E2C2781C900CBA055 /* Build configuration list for PBXNativeTarget "test3" */;
			buildPhases = (
				A9182D8C2C2781C600CBA055 /* Sources */,
				A9182D8D2C2781C600CBA055 /* Frameworks */,
				A9182D8E2C2781C600CBA055 /* Resources */,
			);
			buildRules = (
			);
			dependencies = (
			);
			name = test3;
			productName = test3;
			productReference = A9182D902C2781C600CBA055 /* test3.app */;
			productType = "com.apple.product-type.application";
		};
/* End PBXNativeTarget section */

/* Begin PBXProject section */
		A9182D882C2781C600CBA055 /* Project object */ = {
			isa = PBXProject;
			attributes = {
				BuildIndependentTargetsInParallel = 1;
				LastSwiftUpdateCheck = 1510;
				LastUpgradeCheck = 1510;
				TargetAttributes = {
					A9182D8F2C2781C600CBA055 = {
						CreatedOnToolsVersion = 15.1;
					};
				};
			};
			buildConfigurationList = A9182D8B2C2781C600CBA055 /* Build configuration list for PBXProject "test3" */;
			compatibilityVersion = "Xcode 14.0";
			developmentRegion = en;
			hasScannedForEncodings = 0;
			knownRegions = (
				en,
				Base,
			);
			mainGroup = A9182D872C2781C600CBA055;
			productRefGroup = A9182D912C2781C600CBA055 /* Products */;
			projectDirPath = "";
			projectRoot = "";
			targets = (
				A9182D8F2C2781C600CBA055 /* test3 */,
			);
		};
/* End PBXProject section */

/* Begin PBXResourcesBuildPhase section */
		A9182D8E2C2781C600CBA055 /* Resources */ = {
			isa = PBXResourcesBuildPhase;
			buildActionMask = 2147483647;
			files = (
				A9182D9B2C2781C900CBA055 /* Preview Assets.xcassets in Resources */,
				A9182D982C2781C900CBA055 /* Assets.xcassets in Resources */,
			);
			runOnlyForDeploymentPostprocessing = 0;
		};
/* End PBXResourcesBuildPhase section */

/* Begin PBXSourcesBuildPhase section */
		A9182D8C2C2781C600CBA055 /* Sources */ = {
			isa = PBXSourcesBuildPhase;
			buildActionMask = 2147483647;
			files = (
				A967E8732C3E4ADB0072B10D /* SignupView.swift in Sources */,
				A9182D962C2781C600CBA055 /* YoMama.swift in Sources */,
				A9A525452C390DA700C8EA79 /* Food.swift in Sources */,
				A933F0E82C4DD18F00E1C55E /* ImageView.swift in Sources */,
				A926A2A82C4B68290083BE77 /* NavPicker.swift in Sources */,
				A933F0EC2C50651E00E1C55E /* SettingsView.swift in Sources */,
				A9A525492C390E7B00C8EA79 /* JsonParser.swift in Sources */,
				A9314B7C2C39160A0021E7B8 /* BackgroundView.swift in Sources */,
				A9A525432C390BD700C8EA79 /* RecentlyViewed.swift in Sources */,
				A9314B7E2C3920F60021E7B8 /* FoodDetailView.swift in Sources */,
				A934479D2C41FC490018BF16 /* Errors.swift in Sources */,
				A9885C012C3A1E3200090E13 /* FoodTitleView.swift in Sources */,
				A91B53CB2C42486400582D3C /* TitlesView.swift in Sources */,
				A933F0E42C4DBF6700E1C55E /* CurrentPageView.swift in Sources */,
				A924BD362C3B8F33000E5391 /* ImagePicker.swift in Sources */,
				A939B26E2C5365EC00066D0B /* InformationView.swift in Sources */,
				A9A525472C390E4F00C8EA79 /* DummyData.swift in Sources */,
				A9182D942C2781C600CBA055 /* NutritionApp.swift in Sources */,
			);
			runOnlyForDeploymentPostprocessing = 0;
		};
/* End PBXSourcesBuildPhase section */

/* Begin XCBuildConfiguration section */
		A9182D9C2C2781C900CBA055 /* Debug */ = {
			isa = XCBuildConfiguration;
			buildSettings = {
				ALWAYS_SEARCH_USER_PATHS = NO;
				ASSETCATALOG_COMPILER_GENERATE_SWIFT_ASSET_SYMBOL_EXTENSIONS = YES;
				CLANG_ANALYZER_NONNULL = YES;
				CLANG_ANALYZER_NUMBER_OBJECT_CONVERSION = YES_AGGRESSIVE;
				CLANG_CXX_LANGUAGE_STANDARD = "gnu++20";
				CLANG_ENABLE_MODULES = YES;
				CLANG_ENABLE_OBJC_ARC = YES;
				CLANG_ENABLE_OBJC_WEAK = YES;
				CLANG_WARN_BLOCK_CAPTURE_AUTORELEASING = YES;
				CLANG_WARN_BOOL_CONVERSION = YES;
				CLANG_WARN_COMMA = YES;
				CLANG_WARN_CONSTANT_CONVERSION = YES;
				CLANG_WARN_DEPRECATED_OBJC_IMPLEMENTATIONS = YES;
				CLANG_WARN_DIRECT_OBJC_ISA_USAGE = YES_ERROR;
				CLANG_WARN_DOCUMENTATION_COMMENTS = YES;
				CLANG_WARN_EMPTY_BODY = YES;
				CLANG_WARN_ENUM_CONVERSION = YES;
				CLANG_WARN_INFINITE_RECURSION = YES;
				CLANG_WARN_INT_CONVERSION = YES;
				CLANG_WARN_NON_LITERAL_NULL_CONVERSION = YES;
				CLANG_WARN_OBJC_IMPLICIT_RETAIN_SELF = YES;
				CLANG_WARN_OBJC_LITERAL_CONVERSION = YES;
				CLANG_WARN_OBJC_ROOT_CLASS = YES_ERROR;
				CLANG_WARN_QUOTED_INCLUDE_IN_FRAMEWORK_HEADER = YES;
				CLANG_WARN_RANGE_LOOP_ANALYSIS = YES;
				CLANG_WARN_STRICT_PROTOTYPES = YES;
				CLANG_WARN_SUSPICIOUS_MOVE = YES;
				CLANG_WARN_UNGUARDED_AVAILABILITY = YES_AGGRESSIVE;
				CLANG_WARN_UNREACHABLE_CODE = YES;
				CLANG_WARN__DUPLICATE_METHOD_MATCH = YES;
				COPY_PHASE_STRIP = NO;
				DEBUG_INFORMATION_FORMAT = dwarf;
				ENABLE_STRICT_OBJC_MSGSEND = YES;
				ENABLE_TESTABILITY = YES;
				ENABLE_USER_SCRIPT_SANDBOXING = YES;
				GCC_C_LANGUAGE_STANDARD = gnu17;
				GCC_DYNAMIC_NO_PIC = NO;
				GCC_NO_COMMON_BLOCKS = YES;
				GCC_OPTIMIZATION_LEVEL = 0;
				GCC_PREPROCESSOR_DEFINITIONS = (
					"DEBUG=1",
					"$(inherited)",
				);
				GCC_WARN_64_TO_32_BIT_CONVERSION = YES;
				GCC_WARN_ABOUT_RETURN_TYPE = YES_ERROR;
				GCC_WARN_UNDECLARED_SELECTOR = YES;
				GCC_WARN_UNINITIALIZED_AUTOS = YES_AGGRESSIVE;
				GCC_WARN_UNUSED_FUNCTION = YES;
				GCC_WARN_UNUSED_VARIABLE = YES;
				IPHONEOS_DEPLOYMENT_TARGET = 17.0;
				LOCALIZATION_PREFERS_STRING_CATALOGS = YES;
				MTL_ENABLE_DEBUG_INFO = INCLUDE_SOURCE;
				MTL_FAST_MATH = YES;
				ONLY_ACTIVE_ARCH = YES;
				SDKROOT = iphoneos;
				SWIFT_ACTIVE_COMPILATION_CONDITIONS = "DEBUG $(inherited)";
				SWIFT_OPTIMIZATION_LEVEL = "-Onone";
			};
			name = Debug;
		};
		A9182D9D2C2781C900CBA055 /* Release */ = {
			isa = XCBuildConfiguration;
			buildSettings = {
				ALWAYS_SEARCH_USER_PATHS = NO;
				ASSETCATALOG_COMPILER_GENERATE_SWIFT_ASSET_SYMBOL_EXTENSIONS = YES;
				CLANG_ANALYZER_NONNULL = YES;
				CLANG_ANALYZER_NUMBER_OBJECT_CONVERSION = YES_AGGRESSIVE;
				CLANG_CXX_LANGUAGE_STANDARD = "gnu++20";
				CLANG_ENABLE_MODULES = YES;
				CLANG_ENABLE_OBJC_ARC = YES;
				CLANG_ENABLE_OBJC_WEAK = YES;
				CLANG_WARN_BLOCK_CAPTURE_AUTORELEASING = YES;
				CLANG_WARN_BOOL_CONVERSION = YES;
				CLANG_WARN_COMMA = YES;
				CLANG_WARN_CONSTANT_CONVERSION = YES;
				CLANG_WARN_DEPRECATED_OBJC_IMPLEMENTATIONS = YES;
				CLANG_WARN_DIRECT_OBJC_ISA_USAGE = YES_ERROR;
				CLANG_WARN_DOCUMENTATION_COMMENTS = YES;
				CLANG_WARN_EMPTY_BODY = YES;
				CLANG_WARN_ENUM_CONVERSION = YES;
				CLANG_WARN_INFINITE_RECURSION = YES;
				CLANG_WARN_INT_CONVERSION = YES;
				CLANG_WARN_NON_LITERAL_NULL_CONVERSION = YES;
				CLANG_WARN_OBJC_IMPLICIT_RETAIN_SELF = YES;
				CLANG_WARN_OBJC_LITERAL_CONVERSION = YES;
				CLANG_WARN_OBJC_ROOT_CLASS = YES_ERROR;
				CLANG_WARN_QUOTED_INCLUDE_IN_FRAMEWORK_HEADER = YES;
				CLANG_WARN_RANGE_LOOP_ANALYSIS = YES;
				CLANG_WARN_STRICT_PROTOTYPES = YES;
				CLANG_WARN_SUSPICIOUS_MOVE = YES;
				CLANG_WARN_UNGUARDED_AVAILABILITY = YES_AGGRESSIVE;
				CLANG_WARN_UNREACHABLE_CODE = YES;
				CLANG_WARN__DUPLICATE_METHOD_MATCH = YES;
				COPY_PHASE_STRIP = NO;
				DEBUG_INFORMATION_FORMAT = "dwarf-with-dsym";
				ENABLE_NS_ASSERTIONS = NO;
				ENABLE_STRICT_OBJC_MSGSEND = YES;
				ENABLE_USER_SCRIPT_SANDBOXING = YES;
				GCC_C_LANGUAGE_STANDARD = gnu17;
				GCC_NO_COMMON_BLOCKS = YES;
				GCC_WARN_64_TO_32_BIT_CONVERSION = YES;
				GCC_WARN_ABOUT_RETURN_TYPE = YES_ERROR;
				GCC_WARN_UNDECLARED_SELECTOR = YES;
				GCC_WARN_UNINITIALIZED_AUTOS = YES_AGGRESSIVE;
				GCC_WARN_UNUSED_FUNCTION = YES;
				GCC_WARN_UNUSED_VARIABLE = YES;
				IPHONEOS_DEPLOYMENT_TARGET = 17.0;
				LOCALIZATION_PREFERS_STRING_CATALOGS = YES;
				MTL_ENABLE_DEBUG_INFO = NO;
				MTL_FAST_MATH = YES;
				SDKROOT = iphoneos;
				SWIFT_COMPILATION_MODE = wholemodule;
				VALIDATE_PRODUCT = YES;
			};
			name = Release;
		};
		A9182D9F2C2781C900CBA055 /* Debug */ = {
			isa = XCBuildConfiguration;
			buildSettings = {
				ASSETCATALOG_COMPILER_APPICON_NAME = AppIcon;
				ASSETCATALOG_COMPILER_GLOBAL_ACCENT_COLOR_NAME = AccentColor;
				CODE_SIGN_STYLE = Automatic;
				CURRENT_PROJECT_VERSION = 1;
				DEVELOPMENT_ASSET_PATHS = "\"test3/Preview Content\"";
				DEVELOPMENT_TEAM = AU92B92562;
				ENABLE_PREVIEWS = YES;
				GENERATE_INFOPLIST_FILE = YES;
				INFOPLIST_KEY_NSCameraUsageDescription = "We need to use yo mama's camera!";
				INFOPLIST_KEY_UIApplicationSceneManifest_Generation = YES;
				INFOPLIST_KEY_UIApplicationSupportsIndirectInputEvents = YES;
				INFOPLIST_KEY_UILaunchScreen_Generation = YES;
				INFOPLIST_KEY_UISupportedInterfaceOrientations_iPad = "UIInterfaceOrientationPortrait UIInterfaceOrientationPortraitUpsideDown UIInterfaceOrientationLandscapeLeft UIInterfaceOrientationLandscapeRight";
				INFOPLIST_KEY_UISupportedInterfaceOrientations_iPhone = "UIInterfaceOrientationPortrait UIInterfaceOrientationLandscapeLeft UIInterfaceOrientationLandscapeRight";
				IPHONEOS_DEPLOYMENT_TARGET = 17.0;
				LD_RUNPATH_SEARCH_PATHS = (
					"$(inherited)",
					"@executable_path/Frameworks",
				);
				MARKETING_VERSION = 1.0;
				PRODUCT_BUNDLE_IDENTIFIER = el.test3;
				PRODUCT_NAME = "$(TARGET_NAME)";
				SUPPORTED_PLATFORMS = "iphoneos iphonesimulator";
				SUPPORTS_MACCATALYST = NO;
				SUPPORTS_MAC_DESIGNED_FOR_IPHONE_IPAD = NO;
				SWIFT_EMIT_LOC_STRINGS = YES;
				SWIFT_VERSION = 5.0;
				TARGETED_DEVICE_FAMILY = "1,2";
			};
			name = Debug;
		};
		A9182DA02C2781C900CBA055 /* Release */ = {
			isa = XCBuildConfiguration;
			buildSettings = {
				ASSETCATALOG_COMPILER_APPICON_NAME = AppIcon;
				ASSETCATALOG_COMPILER_GLOBAL_ACCENT_COLOR_NAME = AccentColor;
				CODE_SIGN_STYLE = Automatic;
				CURRENT_PROJECT_VERSION = 1;
				DEVELOPMENT_ASSET_PATHS = "\"test3/Preview Content\"";
				DEVELOPMENT_TEAM = AU92B92562;
				ENABLE_PREVIEWS = YES;
				GENERATE_INFOPLIST_FILE = YES;
				INFOPLIST_KEY_NSCameraUsageDescription = "We need to use yo mama's camera!";
				INFOPLIST_KEY_UIApplicationSceneManifest_Generation = YES;
				INFOPLIST_KEY_UIApplicationSupportsIndirectInputEvents = YES;
				INFOPLIST_KEY_UILaunchScreen_Generation = YES;
				INFOPLIST_KEY_UISupportedInterfaceOrientations_iPad = "UIInterfaceOrientationPortrait UIInterfaceOrientationPortraitUpsideDown UIInterfaceOrientationLandscapeLeft UIInterfaceOrientationLandscapeRight";
				INFOPLIST_KEY_UISupportedInterfaceOrientations_iPhone = "UIInterfaceOrientationPortrait UIInterfaceOrientationLandscapeLeft UIInterfaceOrientationLandscapeRight";
				IPHONEOS_DEPLOYMENT_TARGET = 17.0;
				LD_RUNPATH_SEARCH_PATHS = (
					"$(inherited)",
					"@executable_path/Frameworks",
				);
				MARKETING_VERSION = 1.0;
				PRODUCT_BUNDLE_IDENTIFIER = el.test3;
				PRODUCT_NAME = "$(TARGET_NAME)";
				SUPPORTED_PLATFORMS = "iphoneos iphonesimulator";
				SUPPORTS_MACCATALYST = NO;
				SUPPORTS_MAC_DESIGNED_FOR_IPHONE_IPAD = NO;
				SWIFT_EMIT_LOC_STRINGS = YES;
				SWIFT_VERSION = 5.0;
				TARGETED_DEVICE_FAMILY = "1,2";
			};
			name = Release;
		};
/* End XCBuildConfiguration section */

/* Begin XCConfigurationList section */
		A9182D8B2C2781C600CBA055 /* Build configuration list for PBXProject "test3" */ = {
			isa = XCConfigurationList;
			buildConfigurations = (
				A9182D9C2C2781C900CBA055 /* Debug */,
				A9182D9D2C2781C900CBA055 /* Release */,
			);
			defaultConfigurationIsVisible = 0;
			defaultConfigurationName = Release;
		};
		A9182D9E2C2781C900CBA055 /* Build configuration list for PBXNativeTarget "test3" */ = {
			isa = XCConfigurationList;
			buildConfigurations = (
				A9182D9F2C2781C900CBA055 /* Debug */,
				A9182DA02C2781C900CBA055 /* Release */,
			);
			defaultConfigurationIsVisible = 0;
			defaultConfigurationName = Release;
		};
/* End XCConfigurationList section */
	};
	rootObject = A9182D882C2781C600CBA055 /* Project object */;
}
